{
  "requires": true,
  "lockfileVersion": 1,
  "dependencies": {
    "escape-string-regexp": {
      "version": "2.0.0",
      "resolved": "https://registry.npmjs.org/escape-string-regexp/-/escape-string-regexp-2.0.0.tgz",
      "integrity": "sha512-UpzcLCXolUWcNu5HtVMHYdXJjArjsF9C0aNnquZYY4uW/Vu0miy5YoWvbV345HauVvcAUnpRuhMMcqTcGOY2+w=="
    },
    "events": {
      "version": "3.2.0",
      "resolved": "https://registry.npmjs.org/events/-/events-3.2.0.tgz",
      "integrity": "sha512-/46HWwbfCX2xTawVfkKLGxMifJYQBWMwY1mjywRtb4c9x8l5NP3KoJtnIOiL1hfdRkIuYhETxQlo62IF8tcnlg=="
    },
    "invariant": {
      "version": "2.2.4",
      "resolved": "https://registry.npmjs.org/invariant/-/invariant-2.2.4.tgz",
      "integrity": "sha512-phJfQVBuaJM5raOpJjSfkiD6BpbCE4Ns//LaXl6wGYtUBY83nWS6Rf9tXm2e8VaK60JEjYldbPif/A2B1C2gNA==",
      "requires": {
        "loose-envify": "^1.0.0"
      }
    },
    "js-tokens": {
      "version": "4.0.0",
      "resolved": "https://registry.npmjs.org/js-tokens/-/js-tokens-4.0.0.tgz",
      "integrity": "sha512-RdJUflcE3cUzKiMqQgsCu06FPu9UdIJO0beYbPhHN4k6apgJtifcoCtT9bcxOpYBtpD2kCM6Sbzg4CausW/PKQ=="
    },
    "loose-envify": {
      "version": "1.4.0",
      "resolved": "https://registry.npmjs.org/loose-envify/-/loose-envify-1.4.0.tgz",
      "integrity": "sha512-lyuxPGr/Wfhrlem2CL/UcnUc1zcqKAImBDzukY7Y5F/yQiNdko6+fRLevlw1HgMySw7f611UIY408EtxRSoK3Q==",
      "requires": {
        "js-tokens": "^3.0.0 || ^4.0.0"
      }
    },
    "object-assign": {
      "version": "4.1.1",
      "resolved": "https://registry.npmjs.org/object-assign/-/object-assign-4.1.1.tgz",
      "integrity": "sha1-IQmtx5ZYh8/AXLvUQsrIv7s2CGM="
    },
    "prop-types": {
      "version": "15.7.2",
      "resolved": "https://registry.npmjs.org/prop-types/-/prop-types-15.7.2.tgz",
      "integrity": "sha512-8QQikdH7//R2vurIJSutZ1smHYTcLpRWEOlHnzcWHmBYrOGUysKwSsrC89BCiFj3CbrfJ/nXFdJepOVrY1GCHQ==",
      "requires": {
        "loose-envify": "^1.4.0",
        "object-assign": "^4.1.1",
        "react-is": "^16.8.1"
      }
    },
    "react-is": {
      "version": "16.13.1",
      "resolved": "https://registry.npmjs.org/react-is/-/react-is-16.13.1.tgz",
      "integrity": "sha512-24e6ynE2H+OKt4kqsOvNd8kBpV65zoxbA4BVsEOB3ARVWQki/DHzaUoC5KuON/BiccDaCCTZBuOcfZs70kR8bQ=="
    },
    "react-native-webview": {
      "version": "10.9.1",
      "resolved": "https://registry.npmjs.org/react-native-webview/-/react-native-webview-10.9.1.tgz",
      "integrity": "sha512-hqUvca0+jHbQBRFl0trAgEpLUGcEebLDAvwDo7K5pnwtgBfu9UsbBUg/kqC7IVSNXS94rjwp1Dw4f/Pf91kqZQ==",
      "requires": {
        "escape-string-regexp": "2.0.0",
        "invariant": "2.2.4"
      }
    },
    "react-native-youtube": {
      "version": "2.0.1",
      "resolved": "https://registry.npmjs.org/react-native-youtube/-/react-native-youtube-2.0.1.tgz",
      "integrity": "sha512-CVzJyynKoEEMXHv/Nx+s8HdovnfVIZs0DIUjWUQsgEd+kbBubXJZTguCKj4WigI8SI1LJ0thF8SEGbdqW8oJkw==",
      "requires": {
        "prop-types": "^15.5.0"
      }
    },
    "react-native-youtube-iframe": {
      "version": "1.3.0",
      "resolved": "https://registry.npmjs.org/react-native-youtube-iframe/-/react-native-youtube-iframe-1.3.0.tgz",
      "integrity": "sha512-7uPK72TbQQvDoss3mn6h1Mydf4fuNo/sOt0PtixJxJmBmi61DsqRDwEroMmv/F6eGRAfF9qWfGyALz4ITufULw==",
      "requires": {
        "events": "^3.2.0"
      }
    }
  }
}
